
Microsoft Visual Studio Solution File, Format Version 12.00
# Visual Studio 14
VisualStudioVersion = 14.0.25420.1
MinimumVisualStudioVersion = 10.0.40219.1
Project("{FAE04EC0-301F-11D3-BF4B-00C04F79EFBC}") = "CAPA DISENO", "TresCapas\CAPA DISENO.csproj", "{33468AE9-92FC-4F3D-BBA4-D4B758F5C7CD}"
EndProject
Project("{FAE04EC0-301F-11D3-BF4B-00C04F79EFBC}") = "Tienda-AccesoDatos", "Tienda-AccesoDatos\Tienda-AccesoDatos.csproj", "{B63040D1-C761-425D-ACB0-33DB7FC2E616}"
EndProject
Project("{FAE04EC0-301F-11D3-BF4B-00C04F79EFBC}") = "Tienda-Entidades", "Tienda-Entidades\Tienda-Entidades.csproj", "{F1408148-9B63-43E3-9E9D-970340CA9424}"
EndProject
Project("{FAE04EC0-301F-11D3-BF4B-00C04F79EFBC}") = "Tienda-LogicaNegocio", "Tienda-LogicaNegocio\Tienda-LogicaNegocio.csproj", "{4A1A9E1B-F6FC-4DF3-AF85-DD758CB4414A}"
EndProject
Global
	GlobalSection(SolutionConfigurationPlatforms) = preSolution
		Debug|Any CPU = Debug|Any CPU
		Release|Any CPU = Release|Any CPU
	EndGlobalSection
	GlobalSection(ProjectConfigurationPlatforms) = postSolution
		{33468AE9-92FC-4F3D-BBA4-D4B758F5C7CD}.Debug|Any CPU.ActiveCfg = Debug|Any CPU
		{33468AE9-92FC-4F3D-BBA4-D4B758F5C7CD}.Debug|Any CPU.Build.0 = Debug|Any CPU
		{33468AE9-92FC-4F3D-BBA4-D4B758F5C7CD}.Release|Any CPU.ActiveCfg = Release|Any CPU
		{33468AE9-92FC-4F3D-BBA4-D4B758F5C7CD}.Release|Any CPU.Build.0 = Release|Any CPU
		{B63040D1-C761-425D-ACB0-33DB7FC2E616}.Debug|Any CPU.ActiveCfg = Debug|Any CPU
		{B63040D1-C761-425D-ACB0-33DB7FC2E616}.Debug|Any CPU.Build.0 = Debug|Any CPU
		{B63040D1-C761-425D-ACB0-33DB7FC2E616}.Release|Any CPU.ActiveCfg = Release|Any CPU
		{B63040D1-C761-425D-ACB0-33DB7FC2E616}.Release|Any CPU.Build.0 = Release|Any CPU
		{F1408148-9B63-43E3-9E9D-970340CA9424}.Debug|Any CPU.ActiveCfg = Debug|Any CPU
		{F1408148-9B63-43E3-9E9D-970340CA9424}.Debug|Any CPU.Build.0 = Debug|Any CPU
		{F1408148-9B63-43E3-9E9D-970340CA9424}.Release|Any CPU.ActiveCfg = Release|Any CPU
		{F1408148-9B63-43E3-9E9D-970340CA9424}.Release|Any CPU.Build.0 = Release|Any CPU
		{4A1A9E1B-F6FC-4DF3-AF85-DD758CB4414A}.Debug|Any CPU.ActiveCfg = Debug|Any CPU
		{4A1A9E1B-F6FC-4DF3-AF85-DD758CB4414A}.Debug|Any CPU.Build.0 = Debug|Any CPU
		{4A1A9E1B-F6FC-4DF3-AF85-DD758CB4414A}.Release|Any CPU.ActiveCfg = Release|Any CPU
		{4A1A9E1B-F6FC-4DF3-AF85-DD758CB4414A}.Release|Any CPU.Build.0 = Release|Any CPU
	EndGlobalSection
	GlobalSection(SolutionProperties) = preSolution
		HideSolutionNode = FALSE
	EndGlobalSection
EndGlobal
